
Microsoft Visual Studio Solution File, Format Version 12.00
# Visual Studio Version 17
VisualStudioVersion = 17.6.33712.159
MinimumVisualStudioVersion = 10.0.40219.1
Project("{E24C65DC-7377-472B-9ABA-BC803B73C61A}") = "threejs-examples-animating-3d-objects-and-custom-fragment-shaders", ".", "{A136CEA3-C243-4D1D-AF6F-EC08FF9C44B6}"
	ProjectSection(WebsiteProperties) = preProject
		TargetFrameworkMoniker = ".NETFramework,Version%3Dv4.8"
		Debug.AspNetCompiler.VirtualPath = "/localhost_51692"
		Debug.AspNetCompiler.PhysicalPath = "..\threejs-examples-animating-3d-objects-and-custom-fragment-shaders\"
		Debug.AspNetCompiler.TargetPath = "PrecompiledWeb\localhost_51692\"
		Debug.AspNetCompiler.Updateable = "true"
		Debug.AspNetCompiler.ForceOverwrite = "true"
		Debug.AspNetCompiler.FixedNames = "false"
		Debug.AspNetCompiler.Debug = "True"
		Release.AspNetCompiler.VirtualPath = "/localhost_51692"
		Release.AspNetCompiler.PhysicalPath = "..\threejs-examples-animating-3d-objects-and-custom-fragment-shaders\"
		Release.AspNetCompiler.TargetPath = "PrecompiledWeb\localhost_51692\"
		Release.AspNetCompiler.Updateable = "true"
		Release.AspNetCompiler.ForceOverwrite = "true"
		Release.AspNetCompiler.FixedNames = "false"
		Release.AspNetCompiler.Debug = "False"
		VWDPort = "51692"
		SlnRelativePath = "..\threejs-examples-animating-3d-objects-and-custom-fragment-shaders\"
	EndProjectSection
EndProject
Global
	GlobalSection(SolutionConfigurationPlatforms) = preSolution
		Debug|Any CPU = Debug|Any CPU
	EndGlobalSection
	GlobalSection(ProjectConfigurationPlatforms) = postSolution
		{A136CEA3-C243-4D1D-AF6F-EC08FF9C44B6}.Debug|Any CPU.ActiveCfg = Debug|Any CPU
		{A136CEA3-C243-4D1D-AF6F-EC08FF9C44B6}.Debug|Any CPU.Build.0 = Debug|Any CPU
	EndGlobalSection
	GlobalSection(SolutionProperties) = preSolution
		HideSolutionNode = FALSE
	EndGlobalSection
	GlobalSection(ExtensibilityGlobals) = postSolution
		SolutionGuid = {86F29B25-7ACE-4A03-AE0C-132EDDEC7B8E}
	EndGlobalSection
EndGlobal
